
Microsoft Visual Studio Solution File, Format Version 12.00
# Visual Studio Version 17
VisualStudioVersion = 17.9.34728.123
MinimumVisualStudioVersion = 10.0.40219.1
Project("{FAE04EC0-301F-11D3-BF4B-00C04F79EFBC}") = "hello_csharp", "hello_csharp\hello_csharp.csproj", "{4E627805-1C7B-4C4B-8E16-FCB160E3DB19}"
EndProject
Project("{FAE04EC0-301F-11D3-BF4B-00C04F79EFBC}") = "hello_world", "hello_world\hello_world.csproj", "{6A598FF4-219A-4693-AB53-0F315AC51BE2}"
EndProject
Global
	GlobalSection(SolutionConfigurationPlatforms) = preSolution
		Debug|Any CPU = Debug|Any CPU
		Release|Any CPU = Release|Any CPU
	EndGlobalSection
	GlobalSection(ProjectConfigurationPlatforms) = postSolution
		{4E627805-1C7B-4C4B-8E16-FCB160E3DB19}.Debug|Any CPU.ActiveCfg = Debug|Any CPU
		{4E627805-1C7B-4C4B-8E16-FCB160E3DB19}.Debug|Any CPU.Build.0 = Debug|Any CPU
		{4E627805-1C7B-4C4B-8E16-FCB160E3DB19}.Release|Any CPU.ActiveCfg = Release|Any CPU
		{4E627805-1C7B-4C4B-8E16-FCB160E3DB19}.Release|Any CPU.Build.0 = Release|Any CPU
		{6A598FF4-219A-4693-AB53-0F315AC51BE2}.Debug|Any CPU.ActiveCfg = Debug|Any CPU
		{6A598FF4-219A-4693-AB53-0F315AC51BE2}.Debug|Any CPU.Build.0 = Debug|Any CPU
		{6A598FF4-219A-4693-AB53-0F315AC51BE2}.Release|Any CPU.ActiveCfg = Release|Any CPU
		{6A598FF4-219A-4693-AB53-0F315AC51BE2}.Release|Any CPU.Build.0 = Release|Any CPU
	EndGlobalSection
	GlobalSection(SolutionProperties) = preSolution
		HideSolutionNode = FALSE
	EndGlobalSection
	GlobalSection(ExtensibilityGlobals) = postSolution
		SolutionGuid = {55B0705A-0A8C-4021-9F31-D68771FCC6B0}
	EndGlobalSection
EndGlobal
