
Microsoft Visual Studio Solution File, Format Version 12.00
# Visual Studio Version 17
VisualStudioVersion = 17.9.34728.123
MinimumVisualStudioVersion = 10.0.40219.1
Project("{9A19103F-16F7-4668-BE54-9A1E7A4F7556}") = "BookRentalShopApp", "BookRentalShopApp\BookRentalShopApp.csproj", "{38A571B7-49F6-431D-B91A-3D20E9CDEC9C}"
EndProject
Project("{FAE04EC0-301F-11D3-BF4B-00C04F79EFBC}") = "NewBookRentalShopApp", "NewBookRentalShopApp\NewBookRentalShopApp.csproj", "{2F09FFF7-7683-48BC-B575-A8929B87E579}"
EndProject
Global
	GlobalSection(SolutionConfigurationPlatforms) = preSolution
		Debug|Any CPU = Debug|Any CPU
		Release|Any CPU = Release|Any CPU
	EndGlobalSection
	GlobalSection(ProjectConfigurationPlatforms) = postSolution
		{38A571B7-49F6-431D-B91A-3D20E9CDEC9C}.Debug|Any CPU.ActiveCfg = Debug|Any CPU
		{38A571B7-49F6-431D-B91A-3D20E9CDEC9C}.Debug|Any CPU.Build.0 = Debug|Any CPU
		{38A571B7-49F6-431D-B91A-3D20E9CDEC9C}.Release|Any CPU.ActiveCfg = Release|Any CPU
		{38A571B7-49F6-431D-B91A-3D20E9CDEC9C}.Release|Any CPU.Build.0 = Release|Any CPU
		{2F09FFF7-7683-48BC-B575-A8929B87E579}.Debug|Any CPU.ActiveCfg = Debug|Any CPU
		{2F09FFF7-7683-48BC-B575-A8929B87E579}.Debug|Any CPU.Build.0 = Debug|Any CPU
		{2F09FFF7-7683-48BC-B575-A8929B87E579}.Release|Any CPU.ActiveCfg = Release|Any CPU
		{2F09FFF7-7683-48BC-B575-A8929B87E579}.Release|Any CPU.Build.0 = Release|Any CPU
	EndGlobalSection
	GlobalSection(SolutionProperties) = preSolution
		HideSolutionNode = FALSE
	EndGlobalSection
	GlobalSection(ExtensibilityGlobals) = postSolution
		SolutionGuid = {A1B19D35-D295-41C4-B763-E4BA9F54CADD}
	EndGlobalSection
EndGlobal
