
Microsoft Visual Studio Solution File, Format Version 12.00
# Visual Studio Version 17
VisualStudioVersion = 17.9.34728.123
MinimumVisualStudioVersion = 10.0.40219.1
Project("{9A19103F-16F7-4668-BE54-9A1E7A4F7556}") = "ex04_method", "ex04_method\ex04_method.csproj", "{6BF04E85-3D99-4E2D-B432-16B1606EB6D8}"
EndProject
Project("{FAE04EC0-301F-11D3-BF4B-00C04F79EFBC}") = "ex05_classes", "ex05_classes\ex05_classes.csproj", "{F6B19696-E84E-423A-B2F9-2ED3CE44103F}"
EndProject
Project("{FAE04EC0-301F-11D3-BF4B-00C04F79EFBC}") = "ex06_properties", "ex06_properties\ex06_properties.csproj", "{4D5AD6FB-E006-4001-8FC5-34987A95A047}"
EndProject
Global
	GlobalSection(SolutionConfigurationPlatforms) = preSolution
		Debug|Any CPU = Debug|Any CPU
		Release|Any CPU = Release|Any CPU
	EndGlobalSection
	GlobalSection(ProjectConfigurationPlatforms) = postSolution
		{6BF04E85-3D99-4E2D-B432-16B1606EB6D8}.Debug|Any CPU.ActiveCfg = Debug|Any CPU
		{6BF04E85-3D99-4E2D-B432-16B1606EB6D8}.Debug|Any CPU.Build.0 = Debug|Any CPU
		{6BF04E85-3D99-4E2D-B432-16B1606EB6D8}.Release|Any CPU.ActiveCfg = Release|Any CPU
		{6BF04E85-3D99-4E2D-B432-16B1606EB6D8}.Release|Any CPU.Build.0 = Release|Any CPU
		{F6B19696-E84E-423A-B2F9-2ED3CE44103F}.Debug|Any CPU.ActiveCfg = Debug|Any CPU
		{F6B19696-E84E-423A-B2F9-2ED3CE44103F}.Debug|Any CPU.Build.0 = Debug|Any CPU
		{F6B19696-E84E-423A-B2F9-2ED3CE44103F}.Release|Any CPU.ActiveCfg = Release|Any CPU
		{F6B19696-E84E-423A-B2F9-2ED3CE44103F}.Release|Any CPU.Build.0 = Release|Any CPU
		{4D5AD6FB-E006-4001-8FC5-34987A95A047}.Debug|Any CPU.ActiveCfg = Debug|Any CPU
		{4D5AD6FB-E006-4001-8FC5-34987A95A047}.Debug|Any CPU.Build.0 = Debug|Any CPU
		{4D5AD6FB-E006-4001-8FC5-34987A95A047}.Release|Any CPU.ActiveCfg = Release|Any CPU
		{4D5AD6FB-E006-4001-8FC5-34987A95A047}.Release|Any CPU.Build.0 = Release|Any CPU
	EndGlobalSection
	GlobalSection(SolutionProperties) = preSolution
		HideSolutionNode = FALSE
	EndGlobalSection
	GlobalSection(ExtensibilityGlobals) = postSolution
		SolutionGuid = {98A5AA34-8047-411C-8D1E-7CB5A4E71D24}
	EndGlobalSection
EndGlobal
